
Microsoft Visual Studio Solution File, Format Version 12.00
# Visual Studio Version 16
VisualStudioVersion = 16.0.31729.503
MinimumVisualStudioVersion = 10.0.40219.1
Project("{9A19103F-16F7-4668-BE54-9A1E7A4F7556}") = "№1 Односвязный связный список (linked list)", "№1 Связный список (linked list)\№1 Односвязный связный список (linked list).csproj", "{DCBE9D60-7DF8-496C-A8A1-48E43A4FA4AD}"
EndProject
Project("{9A19103F-16F7-4668-BE54-9A1E7A4F7556}") = "№2 Стек (stack)", "№2. Стек (stack)\№2 Стек (stack).csproj", "{33B09FBD-D4E2-4B17-88C6-1E4B40B01792}"
EndProject
Project("{9A19103F-16F7-4668-BE54-9A1E7A4F7556}") = "№3 Двусвязный список и Двусвязный кольцевой список(linked list)", "3. Двусвязный и кольцевой список (linked list)\№3 Двусвязный список и Двусвязный кольцевой список(linked list).csproj", "{118E01BE-D0DF-4F58-805C-D2A8C5D1FC7B}"
EndProject
Project("{FAE04EC0-301F-11D3-BF4B-00C04F79EFBC}") = "№4 Очередь, Дек (Queue, Deque)", "№4. Очередь, Дек (Queue, Deque)\№4 Очередь, Дек (Queue, Deque).csproj", "{2B52D904-FABA-4C4A-96A9-F86F6DDCE590}"
EndProject
Global
	GlobalSection(SolutionConfigurationPlatforms) = preSolution
		Debug|Any CPU = Debug|Any CPU
		Release|Any CPU = Release|Any CPU
	EndGlobalSection
	GlobalSection(ProjectConfigurationPlatforms) = postSolution
		{DCBE9D60-7DF8-496C-A8A1-48E43A4FA4AD}.Debug|Any CPU.ActiveCfg = Debug|Any CPU
		{DCBE9D60-7DF8-496C-A8A1-48E43A4FA4AD}.Debug|Any CPU.Build.0 = Debug|Any CPU
		{DCBE9D60-7DF8-496C-A8A1-48E43A4FA4AD}.Release|Any CPU.ActiveCfg = Release|Any CPU
		{DCBE9D60-7DF8-496C-A8A1-48E43A4FA4AD}.Release|Any CPU.Build.0 = Release|Any CPU
		{33B09FBD-D4E2-4B17-88C6-1E4B40B01792}.Debug|Any CPU.ActiveCfg = Debug|Any CPU
		{33B09FBD-D4E2-4B17-88C6-1E4B40B01792}.Debug|Any CPU.Build.0 = Debug|Any CPU
		{33B09FBD-D4E2-4B17-88C6-1E4B40B01792}.Release|Any CPU.ActiveCfg = Release|Any CPU
		{33B09FBD-D4E2-4B17-88C6-1E4B40B01792}.Release|Any CPU.Build.0 = Release|Any CPU
		{118E01BE-D0DF-4F58-805C-D2A8C5D1FC7B}.Debug|Any CPU.ActiveCfg = Debug|Any CPU
		{118E01BE-D0DF-4F58-805C-D2A8C5D1FC7B}.Debug|Any CPU.Build.0 = Debug|Any CPU
		{118E01BE-D0DF-4F58-805C-D2A8C5D1FC7B}.Release|Any CPU.ActiveCfg = Release|Any CPU
		{118E01BE-D0DF-4F58-805C-D2A8C5D1FC7B}.Release|Any CPU.Build.0 = Release|Any CPU
		{2B52D904-FABA-4C4A-96A9-F86F6DDCE590}.Debug|Any CPU.ActiveCfg = Debug|Any CPU
		{2B52D904-FABA-4C4A-96A9-F86F6DDCE590}.Debug|Any CPU.Build.0 = Debug|Any CPU
		{2B52D904-FABA-4C4A-96A9-F86F6DDCE590}.Release|Any CPU.ActiveCfg = Release|Any CPU
		{2B52D904-FABA-4C4A-96A9-F86F6DDCE590}.Release|Any CPU.Build.0 = Release|Any CPU
	EndGlobalSection
	GlobalSection(SolutionProperties) = preSolution
		HideSolutionNode = FALSE
	EndGlobalSection
	GlobalSection(ExtensibilityGlobals) = postSolution
		SolutionGuid = {E0BA843F-7414-4F7A-AE0E-425BC3A51507}
	EndGlobalSection
EndGlobal
